
Microsoft Visual Studio Solution File, Format Version 12.00
# Visual Studio Version 17
VisualStudioVersion = 17.9.34622.214
MinimumVisualStudioVersion = 10.0.40219.1
Project("{FAE04EC0-301F-11D3-BF4B-00C04F79EFBC}") = "FormsApp", "FormsApp\FormsApp.csproj", "{771BA985-3780-4184-AB48-28AF1F64BA26}"
EndProject
Global
	GlobalSection(SolutionConfigurationPlatforms) = preSolution
		Debug|Any CPU = Debug|Any CPU
		Debug|x64 = Debug|x64
		Release|Any CPU = Release|Any CPU
		Release|x64 = Release|x64
	EndGlobalSection
	GlobalSection(ProjectConfigurationPlatforms) = postSolution
		{771BA985-3780-4184-AB48-28AF1F64BA26}.Debug|Any CPU.ActiveCfg = Debug|Any CPU
		{771BA985-3780-4184-AB48-28AF1F64BA26}.Debug|Any CPU.Build.0 = Debug|Any CPU
		{771BA985-3780-4184-AB48-28AF1F64BA26}.Debug|x64.ActiveCfg = Debug|x64
		{771BA985-3780-4184-AB48-28AF1F64BA26}.Debug|x64.Build.0 = Debug|x64
		{771BA985-3780-4184-AB48-28AF1F64BA26}.Release|Any CPU.ActiveCfg = Release|Any CPU
		{771BA985-3780-4184-AB48-28AF1F64BA26}.Release|Any CPU.Build.0 = Release|Any CPU
		{771BA985-3780-4184-AB48-28AF1F64BA26}.Release|x64.ActiveCfg = Release|x64
		{771BA985-3780-4184-AB48-28AF1F64BA26}.Release|x64.Build.0 = Release|x64
	EndGlobalSection
	GlobalSection(SolutionProperties) = preSolution
		HideSolutionNode = FALSE
	EndGlobalSection
	GlobalSection(ExtensibilityGlobals) = postSolution
		SolutionGuid = {4AA0CA5E-1668-4C98-87BD-7ACD509F2D40}
	EndGlobalSection
EndGlobal
